
Microsoft Visual Studio Solution File, Format Version 12.00
# Visual Studio Version 16
VisualStudioVersion = 16.0.31702.278
MinimumVisualStudioVersion = 10.0.40219.1
Project("{FAE04EC0-301F-11D3-BF4B-00C04F79EFBC}") = "LambdaExpressions", "LambdaExpressions\LambdaExpressions.csproj", "{19758435-3CF0-45B0-BD03-DFA5A0CE4D7F}"
EndProject
Global
	GlobalSection(SolutionConfigurationPlatforms) = preSolution
		Debug|Any CPU = Debug|Any CPU
		Release|Any CPU = Release|Any CPU
	EndGlobalSection
	GlobalSection(ProjectConfigurationPlatforms) = postSolution
		{19758435-3CF0-45B0-BD03-DFA5A0CE4D7F}.Debug|Any CPU.ActiveCfg = Debug|Any CPU
		{19758435-3CF0-45B0-BD03-DFA5A0CE4D7F}.Debug|Any CPU.Build.0 = Debug|Any CPU
		{19758435-3CF0-45B0-BD03-DFA5A0CE4D7F}.Release|Any CPU.ActiveCfg = Release|Any CPU
		{19758435-3CF0-45B0-BD03-DFA5A0CE4D7F}.Release|Any CPU.Build.0 = Release|Any CPU
	EndGlobalSection
	GlobalSection(SolutionProperties) = preSolution
		HideSolutionNode = FALSE
	EndGlobalSection
	GlobalSection(ExtensibilityGlobals) = postSolution
		SolutionGuid = {DD3D5AE9-5D9C-4EE7-88CD-185C851D8BE6}
	EndGlobalSection
EndGlobal
