
Microsoft Visual Studio Solution File, Format Version 12.00
# Visual Studio Version 16
VisualStudioVersion = 16.0.31702.278
MinimumVisualStudioVersion = 10.0.40219.1
Project("{FAE04EC0-301F-11D3-BF4B-00C04F79EFBC}") = "Employees", "Employees\Employees.csproj", "{F1731FEA-CAD1-4D23-BF4E-7740DE5BE8BE}"
EndProject
Global
	GlobalSection(SolutionConfigurationPlatforms) = preSolution
		Debug|Any CPU = Debug|Any CPU
		Release|Any CPU = Release|Any CPU
	EndGlobalSection
	GlobalSection(ProjectConfigurationPlatforms) = postSolution
		{F1731FEA-CAD1-4D23-BF4E-7740DE5BE8BE}.Debug|Any CPU.ActiveCfg = Debug|Any CPU
		{F1731FEA-CAD1-4D23-BF4E-7740DE5BE8BE}.Debug|Any CPU.Build.0 = Debug|Any CPU
		{F1731FEA-CAD1-4D23-BF4E-7740DE5BE8BE}.Release|Any CPU.ActiveCfg = Release|Any CPU
		{F1731FEA-CAD1-4D23-BF4E-7740DE5BE8BE}.Release|Any CPU.Build.0 = Release|Any CPU
	EndGlobalSection
	GlobalSection(SolutionProperties) = preSolution
		HideSolutionNode = FALSE
	EndGlobalSection
	GlobalSection(ExtensibilityGlobals) = postSolution
		SolutionGuid = {09574F21-15F6-4371-B774-4468929E8F42}
	EndGlobalSection
EndGlobal
