
Microsoft Visual Studio Solution File, Format Version 12.00
# Visual Studio Version 16
VisualStudioVersion = 16.0.31702.278
MinimumVisualStudioVersion = 10.0.40219.1
Project("{FAE04EC0-301F-11D3-BF4B-00C04F79EFBC}") = "ExtensionMethods", "ExtensionMethods\ExtensionMethods.csproj", "{8FD70039-18D0-47AE-B420-A63053181AD1}"
EndProject
Global
	GlobalSection(SolutionConfigurationPlatforms) = preSolution
		Debug|Any CPU = Debug|Any CPU
		Release|Any CPU = Release|Any CPU
	EndGlobalSection
	GlobalSection(ProjectConfigurationPlatforms) = postSolution
		{8FD70039-18D0-47AE-B420-A63053181AD1}.Debug|Any CPU.ActiveCfg = Debug|Any CPU
		{8FD70039-18D0-47AE-B420-A63053181AD1}.Debug|Any CPU.Build.0 = Debug|Any CPU
		{8FD70039-18D0-47AE-B420-A63053181AD1}.Release|Any CPU.ActiveCfg = Release|Any CPU
		{8FD70039-18D0-47AE-B420-A63053181AD1}.Release|Any CPU.Build.0 = Release|Any CPU
	EndGlobalSection
	GlobalSection(SolutionProperties) = preSolution
		HideSolutionNode = FALSE
	EndGlobalSection
	GlobalSection(ExtensibilityGlobals) = postSolution
		SolutionGuid = {6E4360E7-9C78-46F2-BFBF-549AB7C63860}
	EndGlobalSection
EndGlobal
