
Microsoft Visual Studio Solution File, Format Version 12.00
# Visual Studio Version 16
VisualStudioVersion = 16.0.31702.278
MinimumVisualStudioVersion = 10.0.40219.1
Project("{FAE04EC0-301F-11D3-BF4B-00C04F79EFBC}") = "HashSetSortedSet", "HashSetSortedSet\HashSetSortedSet.csproj", "{312774DE-4D51-4E69-8353-8FF3CD216866}"
EndProject
Global
	GlobalSection(SolutionConfigurationPlatforms) = preSolution
		Debug|Any CPU = Debug|Any CPU
		Release|Any CPU = Release|Any CPU
	EndGlobalSection
	GlobalSection(ProjectConfigurationPlatforms) = postSolution
		{312774DE-4D51-4E69-8353-8FF3CD216866}.Debug|Any CPU.ActiveCfg = Debug|Any CPU
		{312774DE-4D51-4E69-8353-8FF3CD216866}.Debug|Any CPU.Build.0 = Debug|Any CPU
		{312774DE-4D51-4E69-8353-8FF3CD216866}.Release|Any CPU.ActiveCfg = Release|Any CPU
		{312774DE-4D51-4E69-8353-8FF3CD216866}.Release|Any CPU.Build.0 = Release|Any CPU
	EndGlobalSection
	GlobalSection(SolutionProperties) = preSolution
		HideSolutionNode = FALSE
	EndGlobalSection
	GlobalSection(ExtensibilityGlobals) = postSolution
		SolutionGuid = {050EB9DC-373E-4C68-A15A-FBD6E9865049}
	EndGlobalSection
EndGlobal
